
Microsoft Visual Studio Solution File, Format Version 12.00
Project("{FAE04EC0-301F-11D3-BF4B-00C04F79EFBC}") = "aula05", "aula05\aula05.csproj", "{D658902E-F406-4689-8301-1BB5DEC3FBC7}"
EndProject
Global
	GlobalSection(SolutionConfigurationPlatforms) = preSolution
		Debug|Any CPU = Debug|Any CPU
		Release|Any CPU = Release|Any CPU
	EndGlobalSection
	GlobalSection(ProjectConfigurationPlatforms) = postSolution
		{D658902E-F406-4689-8301-1BB5DEC3FBC7}.Debug|Any CPU.ActiveCfg = Debug|Any CPU
		{D658902E-F406-4689-8301-1BB5DEC3FBC7}.Debug|Any CPU.Build.0 = Debug|Any CPU
		{D658902E-F406-4689-8301-1BB5DEC3FBC7}.Release|Any CPU.ActiveCfg = Release|Any CPU
		{D658902E-F406-4689-8301-1BB5DEC3FBC7}.Release|Any CPU.Build.0 = Release|Any CPU
	EndGlobalSection
EndGlobal
